
Microsoft Visual Studio Solution File, Format Version 12.00
# Visual Studio 15
VisualStudioVersion = 15.0.27703.2018
MinimumVisualStudioVersion = 10.0.40219.1
Project("{9A19103F-16F7-4668-BE54-9A1E7A4F7556}") = "NCS.DSS.WebChat", "NCS.DSS.WebChat\NCS.DSS.WebChat.csproj", "{0FD61C2E-B538-4370-AD68-EE16B2E04725}"
EndProject
Project("{9A19103F-16F7-4668-BE54-9A1E7A4F7556}") = "NCS.DSS.WebChat.Tests", "NCS.DSS.WebChat.Tests\NCS.DSS.WebChat.Tests.csproj", "{3D3661F2-BB1C-4484-8E15-086BA2A38F89}"
EndProject
Global
	GlobalSection(SolutionConfigurationPlatforms) = preSolution
		Debug|Any CPU = Debug|Any CPU
		Release|Any CPU = Release|Any CPU
	EndGlobalSection
	GlobalSection(ProjectConfigurationPlatforms) = postSolution
		{0FD61C2E-B538-4370-AD68-EE16B2E04725}.Debug|Any CPU.ActiveCfg = Debug|Any CPU
		{0FD61C2E-B538-4370-AD68-EE16B2E04725}.Debug|Any CPU.Build.0 = Debug|Any CPU
		{0FD61C2E-B538-4370-AD68-EE16B2E04725}.Release|Any CPU.ActiveCfg = Release|Any CPU
		{0FD61C2E-B538-4370-AD68-EE16B2E04725}.Release|Any CPU.Build.0 = Release|Any CPU
		{3D3661F2-BB1C-4484-8E15-086BA2A38F89}.Debug|Any CPU.ActiveCfg = Debug|Any CPU
		{3D3661F2-BB1C-4484-8E15-086BA2A38F89}.Debug|Any CPU.Build.0 = Debug|Any CPU
		{3D3661F2-BB1C-4484-8E15-086BA2A38F89}.Release|Any CPU.ActiveCfg = Release|Any CPU
		{3D3661F2-BB1C-4484-8E15-086BA2A38F89}.Release|Any CPU.Build.0 = Release|Any CPU
	EndGlobalSection
	GlobalSection(SolutionProperties) = preSolution
		HideSolutionNode = FALSE
	EndGlobalSection
	GlobalSection(ExtensibilityGlobals) = postSolution
		SolutionGuid = {E9D0A618-AFE3-49FD-9B92-FF4B3003D593}
	EndGlobalSection
EndGlobal
